[[package]]
name = "console-logging"
version = "0.0.5.0"
description = "Better, prettier commandline logging."
category = "main"
optional = false
python-versions = "*"

[package.dependencies]
termcolor = "*"

[package.extras]
dev = ["check-manifest"]
test = ["coverage"]

[[package]]
name = "paho-mqtt"
version = "1.5.1"
description = "MQTT version 5.0/3.1.1 client class"
category = "main"
optional = false
python-versions = "*"

[package.extras]
proxy = ["pysocks"]

[[package]]
name = "termcolor"
version = "1.1.0"
description = "ANSII Color formatting for output in terminal."
category = "main"
optional = false
python-versions = "*"

[metadata]
lock-version = "1.1"
python-versions = "^3.8"
content-hash = "0d92bbc6c684ed1480cf07eed90ae80749eb3065e0a538b52fb7b8136d6b3f6e"

[metadata.files]
console-logging = [
    {file = "console-logging-0.0.5.0.tar.gz", hash = "sha256:112818db84663a194ca445ea17413f98fecbb979605951f6d232e6536a9b5263"},
    {file = "console_logging-0.0.5.0-py2.py3-none-any.whl", hash = "sha256:f41a11667c200adefdf9a346a914aeb9d6b919915a0bbc3a69f88ecd3e72d8e0"},
]
paho-mqtt = [
    {file = "paho-mqtt-1.5.1.tar.gz", hash = "sha256:9feb068e822be7b3a116324e01fb6028eb1d66412bf98595ae72698965cb1cae"},
]
termcolor = [
    {file = "termcolor-1.1.0.tar.gz", hash = "sha256:1d6d69ce66211143803fbc56652b41d73b4a400a2891d7bf7a1cdf4c02de613b"},
]
